// !$*UTF8*$!
{
	archiveVersion = 1;
	classes = {
	};
	objectVersion = 56;
	objects = {

/* Begin PBXBuildFile section */
		28FE0B2F1B103E9402885855 /* Pods_MoiveUkr.framework in Frameworks */ = {isa = PBXBuildFile; fileRef = 613377AE803E7C3BE7A4B578 /* Pods_MoiveUkr.framework */; };
		E7D4495C28F5BD8800BB69E5 /* AppDelegate.swift in Sources */ = {isa = PBXBuildFile; fileRef = E7D4495B28F5BD8800BB69E5 /* AppDelegate.swift */; };
		E7D4495E28F5BD8800BB69E5 /* SceneDelegate.swift in Sources */ = {isa = PBXBuildFile; fileRef = E7D4495D28F5BD8800BB69E5 /* SceneDelegate.swift */; };
		E7D4496028F5BD8800BB69E5 /* ViewController.swift in Sources */ = {isa = PBXBuildFile; fileRef = E7D4495F28F5BD8800BB69E5 /* ViewController.swift */; };
		E7D4496328F5BD8800BB69E5 /* Main.storyboard in Resources */ = {isa = PBXBuildFile; fileRef = E7D4496128F5BD8800BB69E5 /* Main.storyboard */; };
		E7D4496528F5BD8B00BB69E5 /* Assets.xcassets in Resources */ = {isa = PBXBuildFile; fileRef = E7D4496428F5BD8B00BB69E5 /* Assets.xcassets */; };
		E7D4496828F5BD8B00BB69E5 /* LaunchScreen.storyboard in Resources */ = {isa = PBXBuildFile; fileRef = E7D4496628F5BD8B00BB69E5 /* LaunchScreen.storyboard */; };
		E7D4497328F5BD8B00BB69E5 /* MoiveUkrTests.swift in Sources */ = {isa = PBXBuildFile; fileRef = E7D4497228F5BD8B00BB69E5 /* MoiveUkrTests.swift */; };
		E7D4497D28F5BD8B00BB69E5 /* MoiveUkrUITests.swift in Sources */ = {isa = PBXBuildFile; fileRef = E7D4497C28F5BD8B00BB69E5 /* MoiveUkrUITests.swift */; };
		E7D4497F28F5BD8B00BB69E5 /* MoiveUkrUITestsLaunchTests.swift in Sources */ = {isa = PBXBuildFile; fileRef = E7D4497E28F5BD8B00BB69E5 /* MoiveUkrUITestsLaunchTests.swift */; };
		E7D4498C28F5BEC800BB69E5 /* Podfile in Resources */ = {isa = PBXBuildFile; fileRef = E7D4498B28F5BEC800BB69E5 /* Podfile */; };
		E7D4498F28F5BF5D00BB69E5 /* BaseData.swift in Sources */ = {isa = PBXBuildFile; fileRef = E7D4498E28F5BF5D00BB69E5 /* BaseData.swift */; };
		E7D4499428F5C09900BB69E5 /* DataViewController.swift in Sources */ = {isa = PBXBuildFile; fileRef = E7D4499328F5C09900BB69E5 /* DataViewController.swift */; };
/* End PBXBuildFile section */

/* Begin PBXContainerItemProxy section */
		E7D4496F28F5BD8B00BB69E5 /* PBXContainerItemProxy */ = {
			isa = PBXContainerItemProxy;
			containerPortal = E7D4495028F5BD8800BB69E5 /* Project object */;
			proxyType = 1;
			remoteGlobalIDString = E7D4495728F5BD8800BB69E5;
			remoteInfo = MoiveUkr;
		};
		E7D4497928F5BD8B00BB69E5 /* PBXContainerItemProxy */ = {
			isa = PBXContainerItemProxy;
			containerPortal = E7D4495028F5BD8800BB69E5 /* Project object */;
			proxyType = 1;
			remoteGlobalIDString = E7D4495728F5BD8800BB69E5;
			remoteInfo = MoiveUkr;
		};
/* End PBXContainerItemProxy section */

/* Begin PBXFileReference section */
		10FBCFC6F7EC64CB4502AFE4 /* Pods-MoiveUkr.release.xcconfig */ = {isa = PBXFileReference; includeInIndex = 1; lastKnownFileType = text.xcconfig; name = "Pods-MoiveUkr.release.xcconfig"; path = "Target Support Files/Pods-MoiveUkr/Pods-MoiveUkr.release.xcconfig"; sourceTree = "<group>"; };
		2F16B60EEFF5EE6D09D709BA /* Pods-MoiveUkr.debug.xcconfig */ = {isa = PBXFileReference; includeInIndex = 1; lastKnownFileType = text.xcconfig; name = "Pods-MoiveUkr.debug.xcconfig"; path = "Target Support Files/Pods-MoiveUkr/Pods-MoiveUkr.debug.xcconfig"; sourceTree = "<group>"; };
		613377AE803E7C3BE7A4B578 /* Pods_MoiveUkr.framework */ = {isa = PBXFileReference; explicitFileType = wrapper.framework; includeInIndex = 0; path = Pods_MoiveUkr.framework; sourceTree = BUILT_PRODUCTS_DIR; };
		E7D4495828F5BD8800BB69E5 /* MoiveUkr.app */ = {isa = PBXFileReference; explicitFileType = wrapper.application; includeInIndex = 0; path = MoiveUkr.app; sourceTree = BUILT_PRODUCTS_DIR; };
		E7D4495B28F5BD8800BB69E5 /* AppDelegate.swift */ = {isa = PBXFileReference; lastKnownFileType = sourcecode.swift; path = AppDelegate.swift; sourceTree = "<group>"; };
		E7D4495D28F5BD8800BB69E5 /* SceneDelegate.swift */ = {isa = PBXFileReference; lastKnownFileType = sourcecode.swift; path = SceneDelegate.swift; sourceTree = "<group>"; };
		E7D4495F28F5BD8800BB69E5 /* ViewController.swift */ = {isa = PBXFileReference; lastKnownFileType = sourcecode.swift; path = ViewController.swift; sourceTree = "<group>"; };
		E7D4496228F5BD8800BB69E5 /* Base */ = {isa = PBXFileReference; lastKnownFileType = file.storyboard; name = Base; path = Base.lproj/Main.storyboard; sourceTree = "<group>"; };
		E7D4496428F5BD8B00BB69E5 /* Assets.xcassets */ = {isa = PBXFileReference; lastKnownFileType = folder.assetcatalog; path = Assets.xcassets; sourceTree = "<group>"; };
		E7D4496728F5BD8B00BB69E5 /* Base */ = {isa = PBXFileReference; lastKnownFileType = file.storyboard; name = Base; path = Base.lproj/LaunchScreen.storyboard; sourceTree = "<group>"; };
		E7D4496928F5BD8B00BB69E5 /* Info.plist */ = {isa = PBXFileReference; lastKnownFileType = text.plist.xml; path = Info.plist; sourceTree = "<group>"; };
		E7D4496E28F5BD8B00BB69E5 /* MoiveUkrTests.xctest */ = {isa = PBXFileReference; explicitFileType = wrapper.cfbundle; includeInIndex = 0; path = MoiveUkrTests.xctest; sourceTree = BUILT_PRODUCTS_DIR; };
		E7D4497228F5BD8B00BB69E5 /* MoiveUkrTests.swift */ = {isa = PBXFileReference; lastKnownFileType = sourcecode.swift; path = MoiveUkrTests.swift; sourceTree = "<group>"; };
		E7D4497828F5BD8B00BB69E5 /* MoiveUkrUITests.xctest */ = {isa = PBXFileReference; explicitFileType = wrapper.cfbundle; includeInIndex = 0; path = MoiveUkrUITests.xctest; sourceTree = BUILT_PRODUCTS_DIR; };
		E7D4497C28F5BD8B00BB69E5 /* MoiveUkrUITests.swift */ = {isa = PBXFileReference; lastKnownFileType = sourcecode.swift; path = MoiveUkrUITests.swift; sourceTree = "<group>"; };
		E7D4497E28F5BD8B00BB69E5 /* MoiveUkrUITestsLaunchTests.swift */ = {isa = PBXFileReference; lastKnownFileType = sourcecode.swift; path = MoiveUkrUITestsLaunchTests.swift; sourceTree = "<group>"; };
		E7D4498B28F5BEC800BB69E5 /* Podfile */ = {isa = PBXFileReference; fileEncoding = 4; lastKnownFileType = text; path = Podfile; sourceTree = SOURCE_ROOT; xcLanguageSpecificationIdentifier = xcode.lang.ruby; };
		E7D4498E28F5BF5D00BB69E5 /* BaseData.swift */ = {isa = PBXFileReference; lastKnownFileType = sourcecode.swift; path = BaseData.swift; sourceTree = "<group>"; };
		E7D4499328F5C09900BB69E5 /* DataViewController.swift */ = {isa = PBXFileReference; lastKnownFileType = sourcecode.swift; path = DataViewController.swift; sourceTree = "<group>"; };
/* End PBXFileReference section */

/* Begin PBXFrameworksBuildPhase section */
		E7D4495528F5BD8800BB69E5 /* Frameworks */ = {
			isa = PBXFrameworksBuildPhase;
			buildActionMask = 2147483647;
			files = (
				28FE0B2F1B103E9402885855 /* Pods_MoiveUkr.framework in Frameworks */,
			);
			runOnlyForDeploymentPostprocessing = 0;
		};
		E7D4496B28F5BD8B00BB69E5 /* Frameworks */ = {
			isa = PBXFrameworksBuildPhase;
			buildActionMask = 2147483647;
			files = (
			);
			runOnlyForDeploymentPostprocessing = 0;
		};
		E7D4497528F5BD8B00BB69E5 /* Frameworks */ = {
			isa = PBXFrameworksBuildPhase;
			buildActionMask = 2147483647;
			files = (
			);
			runOnlyForDeploymentPostprocessing = 0;
		};
/* End PBXFrameworksBuildPhase section */

/* Begin PBXGroup section */
		AEC8D0B290D1856CED91BE1D /* Frameworks */ = {
			isa = PBXGroup;
			children = (
				613377AE803E7C3BE7A4B578 /* Pods_MoiveUkr.framework */,
			);
			name = Frameworks;
			sourceTree = "<group>";
		};
		E7D4494F28F5BD8800BB69E5 = {
			isa = PBXGroup;
			children = (
				E7D4495A28F5BD8800BB69E5 /* MoiveUkr */,
				E7D4497128F5BD8B00BB69E5 /* MoiveUkrTests */,
				E7D4497B28F5BD8B00BB69E5 /* MoiveUkrUITests */,
				E7D4495928F5BD8800BB69E5 /* Products */,
				EA92BF533F566A47933A2729 /* Pods */,
				AEC8D0B290D1856CED91BE1D /* Frameworks */,
			);
			sourceTree = "<group>";
		};
		E7D4495928F5BD8800BB69E5 /* Products */ = {
			isa = PBXGroup;
			children = (
				E7D4495828F5BD8800BB69E5 /* MoiveUkr.app */,
				E7D4496E28F5BD8B00BB69E5 /* MoiveUkrTests.xctest */,
				E7D4497828F5BD8B00BB69E5 /* MoiveUkrUITests.xctest */,
			);
			name = Products;
			sourceTree = "<group>";
		};
		E7D4495A28F5BD8800BB69E5 /* MoiveUkr */ = {
			isa = PBXGroup;
			children = (
				E7D4499028F5C06300BB69E5 /* DataSaving */,
				E7D4498D28F5BF4900BB69E5 /* NetWork */,
				E7D4498B28F5BEC800BB69E5 /* Podfile */,
				E7D4495B28F5BD8800BB69E5 /* AppDelegate.swift */,
				E7D4495D28F5BD8800BB69E5 /* SceneDelegate.swift */,
				E7D4495F28F5BD8800BB69E5 /* ViewController.swift */,
				E7D4496128F5BD8800BB69E5 /* Main.storyboard */,
				E7D4496428F5BD8B00BB69E5 /* Assets.xcassets */,
				E7D4496628F5BD8B00BB69E5 /* LaunchScreen.storyboard */,
				E7D4496928F5BD8B00BB69E5 /* Info.plist */,
			);
			path = MoiveUkr;
			sourceTree = "<group>";
		};
		E7D4497128F5BD8B00BB69E5 /* MoiveUkrTests */ = {
			isa = PBXGroup;
			children = (
				E7D4497228F5BD8B00BB69E5 /* MoiveUkrTests.swift */,
			);
			path = MoiveUkrTests;
			sourceTree = "<group>";
		};
		E7D4497B28F5BD8B00BB69E5 /* MoiveUkrUITests */ = {
			isa = PBXGroup;
			children = (
				E7D4497C28F5BD8B00BB69E5 /* MoiveUkrUITests.swift */,
				E7D4497E28F5BD8B00BB69E5 /* MoiveUkrUITestsLaunchTests.swift */,
			);
			path = MoiveUkrUITests;
			sourceTree = "<group>";
		};
		E7D4498D28F5BF4900BB69E5 /* NetWork */ = {
			isa = PBXGroup;
			children = (
				E7D4498E28F5BF5D00BB69E5 /* BaseData.swift */,
			);
			path = NetWork;
			sourceTree = "<group>";
		};
		E7D4499028F5C06300BB69E5 /* DataSaving */ = {
			isa = PBXGroup;
			children = (
				E7D4499328F5C09900BB69E5 /* DataViewController.swift */,
			);
			path = DataSaving;
			sourceTree = "<group>";
		};
		EA92BF533F566A47933A2729 /* Pods */ = {
			isa = PBXGroup;
			children = (
				2F16B60EEFF5EE6D09D709BA /* Pods-MoiveUkr.debug.xcconfig */,
				10FBCFC6F7EC64CB4502AFE4 /* Pods-MoiveUkr.release.xcconfig */,
			);
			path = Pods;
			sourceTree = "<group>";
		};
/* End PBXGroup section */

/* Begin PBXNativeTarget section */
		E7D4495728F5BD8800BB69E5 /* MoiveUkr */ = {
			isa = PBXNativeTarget;
			buildConfigurationList = E7D4498228F5BD8B00BB69E5 /* Build configuration list for PBXNativeTarget "MoiveUkr" */;
			buildPhases = (
				A2A3CFC0DCFB8F02CFDC1D41 /* [CP] Check Pods Manifest.lock */,
				E7D4495428F5BD8800BB69E5 /* Sources */,
				E7D4495528F5BD8800BB69E5 /* Frameworks */,
				E7D4495628F5BD8800BB69E5 /* Resources */,
				9A1318C333F9D0EF44017D85 /* [CP] Embed Pods Frameworks */,
			);
			buildRules = (
			);
			dependencies = (
			);
			name = MoiveUkr;
			productName = MoiveUkr;
			productReference = E7D4495828F5BD8800BB69E5 /* MoiveUkr.app */;
			productType = "com.apple.product-type.application";
		};
		E7D4496D28F5BD8B00BB69E5 /* MoiveUkrTests */ = {
			isa = PBXNativeTarget;
			buildConfigurationList = E7D4498528F5BD8B00BB69E5 /* Build configuration list for PBXNativeTarget "MoiveUkrTests" */;
			buildPhases = (
				E7D4496A28F5BD8B00BB69E5 /* Sources */,
				E7D4496B28F5BD8B00BB69E5 /* Frameworks */,
				E7D4496C28F5BD8B00BB69E5 /* Resources */,
			);
			buildRules = (
			);
			dependencies = (
				E7D4497028F5BD8B00BB69E5 /* PBXTargetDependency */,
			);
			name = MoiveUkrTests;
			productName = MoiveUkrTests;
			productReference = E7D4496E28F5BD8B00BB69E5 /* MoiveUkrTests.xctest */;
			productType = "com.apple.product-type.bundle.unit-test";
		};
		E7D4497728F5BD8B00BB69E5 /* MoiveUkrUITests */ = {
			isa = PBXNativeTarget;
			buildConfigurationList = E7D4498828F5BD8B00BB69E5 /* Build configuration list for PBXNativeTarget "MoiveUkrUITests" */;
			buildPhases = (
				E7D4497428F5BD8B00BB69E5 /* Sources */,
				E7D4497528F5BD8B00BB69E5 /* Frameworks */,
				E7D4497628F5BD8B00BB69E5 /* Resources */,
			);
			buildRules = (
			);
			dependencies = (
				E7D4497A28F5BD8B00BB69E5 /* PBXTargetDependency */,
			);
			name = MoiveUkrUITests;
			productName = MoiveUkrUITests;
			productReference = E7D4497828F5BD8B00BB69E5 /* MoiveUkrUITests.xctest */;
			productType = "com.apple.product-type.bundle.ui-testing";
		};
/* End PBXNativeTarget section */

/* Begin PBXProject section */
		E7D4495028F5BD8800BB69E5 /* Project object */ = {
			isa = PBXProject;
			attributes = {
				BuildIndependentTargetsInParallel = 1;
				LastSwiftUpdateCheck = 1400;
				LastUpgradeCheck = 1400;
				TargetAttributes = {
					E7D4495728F5BD8800BB69E5 = {
						CreatedOnToolsVersion = 14.0.1;
					};
					E7D4496D28F5BD8B00BB69E5 = {
						CreatedOnToolsVersion = 14.0.1;
						TestTargetID = E7D4495728F5BD8800BB69E5;
					};
					E7D4497728F5BD8B00BB69E5 = {
						CreatedOnToolsVersion = 14.0.1;
						TestTargetID = E7D4495728F5BD8800BB69E5;
					};
				};
			};
			buildConfigurationList = E7D4495328F5BD8800BB69E5 /* Build configuration list for PBXProject "MoiveUkr" */;
			compatibilityVersion = "Xcode 14.0";
			developmentRegion = en;
			hasScannedForEncodings = 0;
			knownRegions = (
				en,
				Base,
			);
			mainGroup = E7D4494F28F5BD8800BB69E5;
			productRefGroup = E7D4495928F5BD8800BB69E5 /* Products */;
			projectDirPath = "";
			projectRoot = "";
			targets = (
				E7D4495728F5BD8800BB69E5 /* MoiveUkr */,
				E7D4496D28F5BD8B00BB69E5 /* MoiveUkrTests */,
				E7D4497728F5BD8B00BB69E5 /* MoiveUkrUITests */,
			);
		};
/* End PBXProject section */

/* Begin PBXResourcesBuildPhase section */
		E7D4495628F5BD8800BB69E5 /* Resources */ = {
			isa = PBXResourcesBuildPhase;
			buildActionMask = 2147483647;
			files = (
				E7D4496828F5BD8B00BB69E5 /* LaunchScreen.storyboard in Resources */,
				E7D4496528F5BD8B00BB69E5 /* Assets.xcassets in Resources */,
				E7D4498C28F5BEC800BB69E5 /* Podfile in Resources */,
				E7D4496328F5BD8800BB69E5 /* Main.storyboard in Resources */,
			);
			runOnlyForDeploymentPostprocessing = 0;
		};
		E7D4496C28F5BD8B00BB69E5 /* Resources */ = {
			isa = PBXResourcesBuildPhase;
			buildActionMask = 2147483647;
			files = (
			);
			runOnlyForDeploymentPostprocessing = 0;
		};
		E7D4497628F5BD8B00BB69E5 /* Resources */ = {
			isa = PBXResourcesBuildPhase;
			buildActionMask = 2147483647;
			files = (
			);
			runOnlyForDeploymentPostprocessing = 0;
		};
/* End PBXResourcesBuildPhase section */

/* Begin PBXShellScriptBuildPhase section */
		9A1318C333F9D0EF44017D85 /* [CP] Embed Pods Frameworks */ = {
			isa = PBXShellScriptBuildPhase;
			buildActionMask = 2147483647;
			files = (
			);
			inputFileListPaths = (
				"${PODS_ROOT}/Target Support Files/Pods-MoiveUkr/Pods-MoiveUkr-frameworks-${CONFIGURATION}-input-files.xcfilelist",
			);
			name = "[CP] Embed Pods Frameworks";
			outputFileListPaths = (
				"${PODS_ROOT}/Target Support Files/Pods-MoiveUkr/Pods-MoiveUkr-frameworks-${CONFIGURATION}-output-files.xcfilelist",
			);
			runOnlyForDeploymentPostprocessing = 0;
			shellPath = /bin/sh;
			shellScript = "\"${PODS_ROOT}/Target Support Files/Pods-MoiveUkr/Pods-MoiveUkr-frameworks.sh\"\n";
			showEnvVarsInLog = 0;
		};
		A2A3CFC0DCFB8F02CFDC1D41 /* [CP] Check Pods Manifest.lock */ = {
			isa = PBXShellScriptBuildPhase;
			buildActionMask = 2147483647;
			files = (
			);
			inputFileListPaths = (
			);
			inputPaths = (
				"${PODS_PODFILE_DIR_PATH}/Podfile.lock",
				"${PODS_ROOT}/Manifest.lock",
			);
			name = "[CP] Check Pods Manifest.lock";
			outputFileListPaths = (
			);
			outputPaths = (
				"$(DERIVED_FILE_DIR)/Pods-MoiveUkr-checkManifestLockResult.txt",
			);
			runOnlyForDeploymentPostprocessing = 0;
			shellPath = /bin/sh;
			shellScript = "diff \"${PODS_PODFILE_DIR_PATH}/Podfile.lock\" \"${PODS_ROOT}/Manifest.lock\" > /dev/null\nif [ $? != 0 ] ; then\n    # print error to STDERR\n    echo \"error: The sandbox is not in sync with the Podfile.lock. Run 'pod install' or update your CocoaPods installation.\" >&2\n    exit 1\nfi\n# This output is used by Xcode 'outputs' to avoid re-running this script phase.\necho \"SUCCESS\" > \"${SCRIPT_OUTPUT_FILE_0}\"\n";
			showEnvVarsInLog = 0;
		};
/* End PBXShellScriptBuildPhase section */

/* Begin PBXSourcesBuildPhase section */
		E7D4495428F5BD8800BB69E5 /* Sources */ = {
			isa = PBXSourcesBuildPhase;
			buildActionMask = 2147483647;
			files = (
				E7D4496028F5BD8800BB69E5 /* ViewController.swift in Sources */,
				E7D4495C28F5BD8800BB69E5 /* AppDelegate.swift in Sources */,
				E7D4499428F5C09900BB69E5 /* DataViewController.swift in Sources */,
				E7D4498F28F5BF5D00BB69E5 /* BaseData.swift in Sources */,
				E7D4495E28F5BD8800BB69E5 /* SceneDelegate.swift in Sources */,
			);
			runOnlyForDeploymentPostprocessing = 0;
		};
		E7D4496A28F5BD8B00BB69E5 /* Sources */ = {
			isa = PBXSourcesBuildPhase;
			buildActionMask = 2147483647;
			files = (
				E7D4497328F5BD8B00BB69E5 /* MoiveUkrTests.swift in Sources */,
			);
			runOnlyForDeploymentPostprocessing = 0;
		};
		E7D4497428F5BD8B00BB69E5 /* Sources */ = {
			isa = PBXSourcesBuildPhase;
			buildActionMask = 2147483647;
			files = (
				E7D4497F28F5BD8B00BB69E5 /* MoiveUkrUITestsLaunchTests.swift in Sources */,
				E7D4497D28F5BD8B00BB69E5 /* MoiveUkrUITests.swift in Sources */,
			);
			runOnlyForDeploymentPostprocessing = 0;
		};
/* End PBXSourcesBuildPhase section */

/* Begin PBXTargetDependency section */
		E7D4497028F5BD8B00BB69E5 /* PBXTargetDependency */ = {
			isa = PBXTargetDependency;
			target = E7D4495728F5BD8800BB69E5 /* MoiveUkr */;
			targetProxy = E7D4496F28F5BD8B00BB69E5 /* PBXContainerItemProxy */;
		};
		E7D4497A28F5BD8B00BB69E5 /* PBXTargetDependency */ = {
			isa = PBXTargetDependency;
			target = E7D4495728F5BD8800BB69E5 /* MoiveUkr */;
			targetProxy = E7D4497928F5BD8B00BB69E5 /* PBXContainerItemProxy */;
		};
/* End PBXTargetDependency section */

/* Begin PBXVariantGroup section */
		E7D4496128F5BD8800BB69E5 /* Main.storyboard */ = {
			isa = PBXVariantGroup;
			children = (
				E7D4496228F5BD8800BB69E5 /* Base */,
			);
			name = Main.storyboard;
			sourceTree = "<group>";
		};
		E7D4496628F5BD8B00BB69E5 /* LaunchScreen.storyboard */ = {
			isa = PBXVariantGroup;
			children = (
				E7D4496728F5BD8B00BB69E5 /* Base */,
			);
			name = LaunchScreen.storyboard;
			sourceTree = "<group>";
		};
/* End PBXVariantGroup section */

/* Begin XCBuildConfiguration section */
		E7D4498028F5BD8B00BB69E5 /* Debug */ = {
			isa = XCBuildConfiguration;
			buildSettings = {
				ALWAYS_SEARCH_USER_PATHS = NO;
				CLANG_ANALYZER_NONNULL = YES;
				CLANG_ANALYZER_NUMBER_OBJECT_CONVERSION = YES_AGGRESSIVE;
				CLANG_CXX_LANGUAGE_STANDARD = "gnu++20";
				CLANG_ENABLE_MODULES = YES;
				CLANG_ENABLE_OBJC_ARC = YES;
				CLANG_ENABLE_OBJC_WEAK = YES;
				CLANG_WARN_BLOCK_CAPTURE_AUTORELEASING = YES;
				CLANG_WARN_BOOL_CONVERSION = YES;
				CLANG_WARN_COMMA = YES;
				CLANG_WARN_CONSTANT_CONVERSION = YES;
				CLANG_WARN_DEPRECATED_OBJC_IMPLEMENTATIONS = YES;
				CLANG_WARN_DIRECT_OBJC_ISA_USAGE = YES_ERROR;
				CLANG_WARN_DOCUMENTATION_COMMENTS = YES;
				CLANG_WARN_EMPTY_BODY = YES;
				CLANG_WARN_ENUM_CONVERSION = YES;
				CLANG_WARN_INFINITE_RECURSION = YES;
				CLANG_WARN_INT_CONVERSION = YES;
				CLANG_WARN_NON_LITERAL_NULL_CONVERSION = YES;
				CLANG_WARN_OBJC_IMPLICIT_RETAIN_SELF = YES;
				CLANG_WARN_OBJC_LITERAL_CONVERSION = YES;
				CLANG_WARN_OBJC_ROOT_CLASS = YES_ERROR;
				CLANG_WARN_QUOTED_INCLUDE_IN_FRAMEWORK_HEADER = YES;
				CLANG_WARN_RANGE_LOOP_ANALYSIS = YES;
				CLANG_WARN_STRICT_PROTOTYPES = YES;
				CLANG_WARN_SUSPICIOUS_MOVE = YES;
				CLANG_WARN_UNGUARDED_AVAILABILITY = YES_AGGRESSIVE;
				CLANG_WARN_UNREACHABLE_CODE = YES;
				CLANG_WARN__DUPLICATE_METHOD_MATCH = YES;
				COPY_PHASE_STRIP = NO;
				DEBUG_INFORMATION_FORMAT = dwarf;
				ENABLE_STRICT_OBJC_MSGSEND = YES;
				ENABLE_TESTABILITY = YES;
				GCC_C_LANGUAGE_STANDARD = gnu11;
				GCC_DYNAMIC_NO_PIC = NO;
				GCC_NO_COMMON_BLOCKS = YES;
				GCC_OPTIMIZATION_LEVEL = 0;
				GCC_PREPROCESSOR_DEFINITIONS = (
					"DEBUG=1",
					"$(inherited)",
				);
				GCC_WARN_64_TO_32_BIT_CONVERSION = YES;
				GCC_WARN_ABOUT_RETURN_TYPE = YES_ERROR;
				GCC_WARN_UNDECLARED_SELECTOR = YES;
				GCC_WARN_UNINITIALIZED_AUTOS = YES_AGGRESSIVE;
				GCC_WARN_UNUSED_FUNCTION = YES;
				GCC_WARN_UNUSED_VARIABLE = YES;
				IPHONEOS_DEPLOYMENT_TARGET = 16.0;
				MTL_ENABLE_DEBUG_INFO = INCLUDE_SOURCE;
				MTL_FAST_MATH = YES;
				ONLY_ACTIVE_ARCH = YES;
				SDKROOT = iphoneos;
				SWIFT_ACTIVE_COMPILATION_CONDITIONS = DEBUG;
				SWIFT_OPTIMIZATION_LEVEL = "-Onone";
			};
			name = Debug;
		};
		E7D4498128F5BD8B00BB69E5 /* Release */ = {
			isa = XCBuildConfiguration;
			buildSettings = {
				ALWAYS_SEARCH_USER_PATHS = NO;
				CLANG_ANALYZER_NONNULL = YES;
				CLANG_ANALYZER_NUMBER_OBJECT_CONVERSION = YES_AGGRESSIVE;
				CLANG_CXX_LANGUAGE_STANDARD = "gnu++20";
				CLANG_ENABLE_MODULES = YES;
				CLANG_ENABLE_OBJC_ARC = YES;
				CLANG_ENABLE_OBJC_WEAK = YES;
				CLANG_WARN_BLOCK_CAPTURE_AUTORELEASING = YES;
				CLANG_WARN_BOOL_CONVERSION = YES;
				CLANG_WARN_COMMA = YES;
				CLANG_WARN_CONSTANT_CONVERSION = YES;
				CLANG_WARN_DEPRECATED_OBJC_IMPLEMENTATIONS = YES;
				CLANG_WARN_DIRECT_OBJC_ISA_USAGE = YES_ERROR;
				CLANG_WARN_DOCUMENTATION_COMMENTS = YES;
				CLANG_WARN_EMPTY_BODY = YES;
				CLANG_WARN_ENUM_CONVERSION = YES;
				CLANG_WARN_INFINITE_RECURSION = YES;
				CLANG_WARN_INT_CONVERSION = YES;
				CLANG_WARN_NON_LITERAL_NULL_CONVERSION = YES;
				CLANG_WARN_OBJC_IMPLICIT_RETAIN_SELF = YES;
				CLANG_WARN_OBJC_LITERAL_CONVERSION = YES;
				CLANG_WARN_OBJC_ROOT_CLASS = YES_ERROR;
				CLANG_WARN_QUOTED_INCLUDE_IN_FRAMEWORK_HEADER = YES;
				CLANG_WARN_RANGE_LOOP_ANALYSIS = YES;
				CLANG_WARN_STRICT_PROTOTYPES = YES;
				CLANG_WARN_SUSPICIOUS_MOVE = YES;
				CLANG_WARN_UNGUARDED_AVAILABILITY = YES_AGGRESSIVE;
				CLANG_WARN_UNREACHABLE_CODE = YES;
				CLANG_WARN__DUPLICATE_METHOD_MATCH = YES;
				COPY_PHASE_STRIP = NO;
				DEBUG_INFORMATION_FORMAT = "dwarf-with-dsym";
				ENABLE_NS_ASSERTIONS = NO;
				ENABLE_STRICT_OBJC_MSGSEND = YES;
				GCC_C_LANGUAGE_STANDARD = gnu11;
				GCC_NO_COMMON_BLOCKS = YES;
				GCC_WARN_64_TO_32_BIT_CONVERSION = YES;
				GCC_WARN_ABOUT_RETURN_TYPE = YES_ERROR;
				GCC_WARN_UNDECLARED_SELECTOR = YES;
				GCC_WARN_UNINITIALIZED_AUTOS = YES_AGGRESSIVE;
				GCC_WARN_UNUSED_FUNCTION = YES;
				GCC_WARN_UNUSED_VARIABLE = YES;
				IPHONEOS_DEPLOYMENT_TARGET = 16.0;
				MTL_ENABLE_DEBUG_INFO = NO;
				MTL_FAST_MATH = YES;
				SDKROOT = iphoneos;
				SWIFT_COMPILATION_MODE = wholemodule;
				SWIFT_OPTIMIZATION_LEVEL = "-O";
				VALIDATE_PRODUCT = YES;
			};
			name = Release;
		};
		E7D4498328F5BD8B00BB69E5 /* Debug */ = {
			isa = XCBuildConfiguration;
			baseConfigurationReference = 2F16B60EEFF5EE6D09D709BA /* Pods-MoiveUkr.debug.xcconfig */;
			buildSettings = {
				ASSETCATALOG_COMPILER_APPICON_NAME = AppIcon;
				ASSETCATALOG_COMPILER_GLOBAL_ACCENT_COLOR_NAME = AccentColor;
				CODE_SIGN_STYLE = Automatic;
				CURRENT_PROJECT_VERSION = 1;
				GENERATE_INFOPLIST_FILE = YES;
				INFOPLIST_FILE = MoiveUkr/Info.plist;
				INFOPLIST_KEY_UIApplicationSupportsIndirectInputEvents = YES;
				INFOPLIST_KEY_UILaunchStoryboardName = LaunchScreen;
				INFOPLIST_KEY_UIMainStoryboardFile = Main;
				INFOPLIST_KEY_UISupportedInterfaceOrientations_iPad = "UIInterfaceOrientationPortrait UIInterfaceOrientationPortraitUpsideDown UIInterfaceOrientationLandscapeLeft UIInterfaceOrientationLandscapeRight";
				INFOPLIST_KEY_UISupportedInterfaceOrientations_iPhone = "UIInterfaceOrientationPortrait UIInterfaceOrientationLandscapeLeft UIInterfaceOrientationLandscapeRight";
				LD_RUNPATH_SEARCH_PATHS = (
					"$(inherited)",
					"@executable_path/Frameworks",
				);
				MARKETING_VERSION = 1.0;
				PRODUCT_BUNDLE_IDENTIFIER = "-.MoiveUkr";
				PRODUCT_NAME = "$(TARGET_NAME)";
				SWIFT_EMIT_LOC_STRINGS = YES;
				SWIFT_VERSION = 5.0;
				TARGETED_DEVICE_FAMILY = "1,2";
			};
			name = Debug;
		};
		E7D4498428F5BD8B00BB69E5 /* Release */ = {
			isa = XCBuildConfiguration;
			baseConfigurationReference = 10FBCFC6F7EC64CB4502AFE4 /* Pods-MoiveUkr.release.xcconfig */;
			buildSettings = {
				ASSETCATALOG_COMPILER_APPICON_NAME = AppIcon;
				ASSETCATALOG_COMPILER_GLOBAL_ACCENT_COLOR_NAME = AccentColor;
				CODE_SIGN_STYLE = Automatic;
				CURRENT_PROJECT_VERSION = 1;
				GENERATE_INFOPLIST_FILE = YES;
				INFOPLIST_FILE = MoiveUkr/Info.plist;
				INFOPLIST_KEY_UIApplicationSupportsIndirectInputEvents = YES;
				INFOPLIST_KEY_UILaunchStoryboardName = LaunchScreen;
				INFOPLIST_KEY_UIMainStoryboardFile = Main;
				INFOPLIST_KEY_UISupportedInterfaceOrientations_iPad = "UIInterfaceOrientationPortrait UIInterfaceOrientationPortraitUpsideDown UIInterfaceOrientationLandscapeLeft UIInterfaceOrientationLandscapeRight";
				INFOPLIST_KEY_UISupportedInterfaceOrientations_iPhone = "UIInterfaceOrientationPortrait UIInterfaceOrientationLandscapeLeft UIInterfaceOrientationLandscapeRight";
				LD_RUNPATH_SEARCH_PATHS = (
					"$(inherited)",
					"@executable_path/Frameworks",
				);
				MARKETING_VERSION = 1.0;
				PRODUCT_BUNDLE_IDENTIFIER = "-.MoiveUkr";
				PRODUCT_NAME = "$(TARGET_NAME)";
				SWIFT_EMIT_LOC_STRINGS = YES;
				SWIFT_VERSION = 5.0;
				TARGETED_DEVICE_FAMILY = "1,2";
			};
			name = Release;
		};
		E7D4498628F5BD8B00BB69E5 /* Debug */ = {
			isa = XCBuildConfiguration;
			buildSettings = {
				ALWAYS_EMBED_SWIFT_STANDARD_LIBRARIES = YES;
				BUNDLE_LOADER = "$(TEST_HOST)";
				CODE_SIGN_STYLE = Automatic;
				CURRENT_PROJECT_VERSION = 1;
				GENERATE_INFOPLIST_FILE = YES;
				IPHONEOS_DEPLOYMENT_TARGET = 16.0;
				MARKETING_VERSION = 1.0;
				PRODUCT_BUNDLE_IDENTIFIER = "-.MoiveUkrTests";
				PRODUCT_NAME = "$(TARGET_NAME)";
				SWIFT_EMIT_LOC_STRINGS = NO;
				SWIFT_VERSION = 5.0;
				TARGETED_DEVICE_FAMILY = "1,2";
				TEST_HOST = "$(BUILT_PRODUCTS_DIR)/MoiveUkr.app/$(BUNDLE_EXECUTABLE_FOLDER_PATH)/MoiveUkr";
			};
			name = Debug;
		};
		E7D4498728F5BD8B00BB69E5 /* Release */ = {
			isa = XCBuildConfiguration;
			buildSettings = {
				ALWAYS_EMBED_SWIFT_STANDARD_LIBRARIES = YES;
				BUNDLE_LOADER = "$(TEST_HOST)";
				CODE_SIGN_STYLE = Automatic;
				CURRENT_PROJECT_VERSION = 1;
				GENERATE_INFOPLIST_FILE = YES;
				IPHONEOS_DEPLOYMENT_TARGET = 16.0;
				MARKETING_VERSION = 1.0;
				PRODUCT_BUNDLE_IDENTIFIER = "-.MoiveUkrTests";
				PRODUCT_NAME = "$(TARGET_NAME)";
				SWIFT_EMIT_LOC_STRINGS = NO;
				SWIFT_VERSION = 5.0;
				TARGETED_DEVICE_FAMILY = "1,2";
				TEST_HOST = "$(BUILT_PRODUCTS_DIR)/MoiveUkr.app/$(BUNDLE_EXECUTABLE_FOLDER_PATH)/MoiveUkr";
			};
			name = Release;
		};
		E7D4498928F5BD8B00BB69E5 /* Debug */ = {
			isa = XCBuildConfiguration;
			buildSettings = {
				ALWAYS_EMBED_SWIFT_STANDARD_LIBRARIES = YES;
				CODE_SIGN_STYLE = Automatic;
				CURRENT_PROJECT_VERSION = 1;
				GENERATE_INFOPLIST_FILE = YES;
				MARKETING_VERSION = 1.0;
				PRODUCT_BUNDLE_IDENTIFIER = "-.MoiveUkrUITests";
				PRODUCT_NAME = "$(TARGET_NAME)";
				SWIFT_EMIT_LOC_STRINGS = NO;
				SWIFT_VERSION = 5.0;
				TARGETED_DEVICE_FAMILY = "1,2";
				TEST_TARGET_NAME = MoiveUkr;
			};
			name = Debug;
		};
		E7D4498A28F5BD8B00BB69E5 /* Release */ = {
			isa = XCBuildConfiguration;
			buildSettings = {
				ALWAYS_EMBED_SWIFT_STANDARD_LIBRARIES = YES;
				CODE_SIGN_STYLE = Automatic;
				CURRENT_PROJECT_VERSION = 1;
				GENERATE_INFOPLIST_FILE = YES;
				MARKETING_VERSION = 1.0;
				PRODUCT_BUNDLE_IDENTIFIER = "-.MoiveUkrUITests";
				PRODUCT_NAME = "$(TARGET_NAME)";
				SWIFT_EMIT_LOC_STRINGS = NO;
				SWIFT_VERSION = 5.0;
				TARGETED_DEVICE_FAMILY = "1,2";
				TEST_TARGET_NAME = MoiveUkr;
			};
			name = Release;
		};
/* End XCBuildConfiguration section */

/* Begin XCConfigurationList section */
		E7D4495328F5BD8800BB69E5 /* Build configuration list for PBXProject "MoiveUkr" */ = {
			isa = XCConfigurationList;
			buildConfigurations = (
				E7D4498028F5BD8B00BB69E5 /* Debug */,
				E7D4498128F5BD8B00BB69E5 /* Release */,
			);
			defaultConfigurationIsVisible = 0;
			defaultConfigurationName = Release;
		};
		E7D4498228F5BD8B00BB69E5 /* Build configuration list for PBXNativeTarget "MoiveUkr" */ = {
			isa = XCConfigurationList;
			buildConfigurations = (
				E7D4498328F5BD8B00BB69E5 /* Debug */,
				E7D4498428F5BD8B00BB69E5 /* Release */,
			);
			defaultConfigurationIsVisible = 0;
			defaultConfigurationName = Release;
		};
		E7D4498528F5BD8B00BB69E5 /* Build configuration list for PBXNativeTarget "MoiveUkrTests" */ = {
			isa = XCConfigurationList;
			buildConfigurations = (
				E7D4498628F5BD8B00BB69E5 /* Debug */,
				E7D4498728F5BD8B00BB69E5 /* Release */,
			);
			defaultConfigurationIsVisible = 0;
			defaultConfigurationName = Release;
		};
		E7D4498828F5BD8B00BB69E5 /* Build configuration list for PBXNativeTarget "MoiveUkrUITests" */ = {
			isa = XCConfigurationList;
			buildConfigurations = (
				E7D4498928F5BD8B00BB69E5 /* Debug */,
				E7D4498A28F5BD8B00BB69E5 /* Release */,
			);
			defaultConfigurationIsVisible = 0;
			defaultConfigurationName = Release;
		};
/* End XCConfigurationList section */
	};
	rootObject = E7D4495028F5BD8800BB69E5 /* Project object */;
}
